
Microsoft Visual Studio Solution File, Format Version 12.00
# Visual Studio Version 17
VisualStudioVersion = 17.8.34511.84
MinimumVisualStudioVersion = 10.0.40219.1
Project("{FAE04EC0-301F-11D3-BF4B-00C04F79EFBC}") = "TicTacFoe", "TicTacFoe\TicTacFoe.csproj", "{21DD5B7C-BD0D-4258-92E9-819BD0365B1E}"
EndProject
Global
	GlobalSection(SolutionConfigurationPlatforms) = preSolution
		Debug|Any CPU = Debug|Any CPU
		Release|Any CPU = Release|Any CPU
	EndGlobalSection
	GlobalSection(ProjectConfigurationPlatforms) = postSolution
		{21DD5B7C-BD0D-4258-92E9-819BD0365B1E}.Debug|Any CPU.ActiveCfg = Debug|Any CPU
		{21DD5B7C-BD0D-4258-92E9-819BD0365B1E}.Debug|Any CPU.Build.0 = Debug|Any CPU
		{21DD5B7C-BD0D-4258-92E9-819BD0365B1E}.Debug|Any CPU.Deploy.0 = Debug|Any CPU
		{21DD5B7C-BD0D-4258-92E9-819BD0365B1E}.Release|Any CPU.ActiveCfg = Release|Any CPU
		{21DD5B7C-BD0D-4258-92E9-819BD0365B1E}.Release|Any CPU.Build.0 = Release|Any CPU
		{21DD5B7C-BD0D-4258-92E9-819BD0365B1E}.Release|Any CPU.Deploy.0 = Release|Any CPU
	EndGlobalSection
	GlobalSection(SolutionProperties) = preSolution
		HideSolutionNode = FALSE
	EndGlobalSection
	GlobalSection(ExtensibilityGlobals) = postSolution
		SolutionGuid = {D81BBDDB-FCB1-4CA3-A45B-9B6363826E50}
	EndGlobalSection
EndGlobal
